
Microsoft Visual Studio Solution File, Format Version 12.00
# Visual Studio 14
VisualStudioVersion = 14.0.25420.1
MinimumVisualStudioVersion = 10.0.40219.1
Project("{FAE04EC0-301F-11D3-BF4B-00C04F79EFBC}") = "ProjectParser", "ProjectParser\ProjectParser.csproj", "{302555BC-27D4-4BCB-BCFC-EBAE99893471}"
EndProject
Project("{54435603-DBB4-11D2-8724-00A0C9A8B90C}") = "Setup", "Setup\Setup.vdproj", "{329515BB-AD0C-4558-9A5E-D4DF42F545BA}"
EndProject
Global
	GlobalSection(SolutionConfigurationPlatforms) = preSolution
		Debug|Any CPU = Debug|Any CPU
		Release|Any CPU = Release|Any CPU
	EndGlobalSection
	GlobalSection(ProjectConfigurationPlatforms) = postSolution
		{302555BC-27D4-4BCB-BCFC-EBAE99893471}.Debug|Any CPU.ActiveCfg = Debug|Any CPU
		{302555BC-27D4-4BCB-BCFC-EBAE99893471}.Debug|Any CPU.Build.0 = Debug|Any CPU
		{302555BC-27D4-4BCB-BCFC-EBAE99893471}.Release|Any CPU.ActiveCfg = Release|Any CPU
		{302555BC-27D4-4BCB-BCFC-EBAE99893471}.Release|Any CPU.Build.0 = Release|Any CPU
		{329515BB-AD0C-4558-9A5E-D4DF42F545BA}.Debug|Any CPU.ActiveCfg = Debug
		{329515BB-AD0C-4558-9A5E-D4DF42F545BA}.Release|Any CPU.ActiveCfg = Release
	EndGlobalSection
	GlobalSection(SolutionProperties) = preSolution
		HideSolutionNode = FALSE
	EndGlobalSection
EndGlobal
